schema: '2.0'
stages:
  preprocessing:
    cmd: python src/data/data_preprocessing.py
    deps:
    - path: data/raw/cirrhosis.csv
      hash: md5
      md5: 230a3916291af39603e89042463349ef
      size: 31860
    - path: src/data/data_preprocessing.py
      hash: md5
      md5: 858737ee460280e1a0cca91524ec420e
      size: 2746
    outs:
    - path: data/processed/cleaned_data.csv
      hash: md5
      md5: 231cac3f8002149f7c3254a9ba02a7a8
      size: 39977
  feature_selection:
    cmd: python src/features/feature_selection.py
    deps:
    - path: data/processed/cleaned_data.csv
      hash: md5
      md5: 231cac3f8002149f7c3254a9ba02a7a8
      size: 39977
    - path: src/features/feature_selection.py
      hash: md5
      md5: 5e7a9cd03627452b1890903533e70098
      size: 3729
    outs:
    - path: data/final/selected_features.txt
      hash: md5
      md5: e53fe1fee644b9edee42fc7263cd52da
      size: 123
    - path: graphs/feature_selection/top_13_features.png
      hash: md5
      md5: 612ed0444eb219aa4a1985a7926299b8
      size: 25322
  model_training:
    cmd: python src/models/model_training.py
    deps:
    - path: data/final/balanced_data.csv
      hash: md5
      md5: 2ecf1f2a7ae19d97cb964c6b02354688
      size: 56514
    - path: data/final/selected_features.txt
      hash: md5
      md5: e53fe1fee644b9edee42fc7263cd52da
      size: 123
    - path: src/models/model_training.py
      hash: md5
      md5: 1f24949d4ed401c21b0dffa8bf7c6d7d
      size: 4538
    outs:
    - path: models/GradientBoosting_best.pkl
      hash: md5
      md5: 062a237802b29930e41c337a105ea19f
      size: 501202
    - path: models/KNN_best.pkl
      hash: md5
      md5: 5b17d0ee5434ac6b1e4ff80969a080ff
      size: 90669
    - path: models/LogisticRegression_best.pkl
      hash: md5
      md5: 7d9543034c116c8c9bcc1958e695dad2
      size: 2122
    - path: models/RandomForest_best.pkl
      hash: md5
      md5: c04a21803bf33dcd5df9ea98d1c07e41
      size: 646287
    - path: models/SVM_best.pkl
      hash: md5
      md5: 196126b3edef5c548f4e0d570c17948d
      size: 32794
  evaluation:
    cmd: python src/models/model_evaluation.py
    deps:
    - path: data/final/balanced_data.csv
      hash: md5
      md5: 2ecf1f2a7ae19d97cb964c6b02354688
      size: 56514
    - path: models/
      hash: md5
      md5: a15526a25518944fe5ddbefedeaa369b.dir
      size: 1273186
      nfiles: 6
    - path: src/models/model_evaluation.py
      hash: md5
      md5: 9f6383537d2e65282f41083c871d578c
      size: 11008
    outs:
    - path: graphs/evaluation/
      hash: md5
      md5: b1fde2e638d04ef8994c73da4dd210c4.dir
      size: 203579
      nfiles: 10
    - path: reports/
      hash: md5
      md5: e6e83e67afa41bb83de503c36109e7d4.dir
      size: 5258
      nfiles: 7
  test:
    cmd: run_tests.bat
    deps:
    - path: models/
      hash: md5
      md5: a15526a25518944fe5ddbefedeaa369b.dir
      size: 1273186
      nfiles: 6
    - path: reports/metrics.yaml
      hash: md5
      md5: 0db9590d906563577bed48fa5257d0b2
      size: 291
    - path: tests/
      hash: md5
      md5: 182a08e6e1b8131790ac0f8db7e71ec4.dir
      size: 64586
      nfiles: 23
    outs:
    - path: test_reports/
      hash: md5
      md5: 8306711a10fd5acd6e01d7ac19d55dd6.dir
      size: 1140
      nfiles: 1
